
Microsoft Visual Studio Solution File, Format Version 12.00
# Visual Studio Version 17
VisualStudioVersion = 17.4.33122.133
MinimumVisualStudioVersion = 10.0.40219.1
Project("{FAE04EC0-301F-11D3-BF4B-00C04F79EFBC}") = "CI_CDConsoleApp", "CI_CDConsoleApp\CI_CDConsoleApp.csproj", "{AC68BE2E-722E-4C8A-B016-1436E95C538F}"
EndProject
Global
	GlobalSection(SolutionConfigurationPlatforms) = preSolution
		Debug|Any CPU = Debug|Any CPU
		Release|Any CPU = Release|Any CPU
	EndGlobalSection
	GlobalSection(ProjectConfigurationPlatforms) = postSolution
		{AC68BE2E-722E-4C8A-B016-1436E95C538F}.Debug|Any CPU.ActiveCfg = Debug|Any CPU
		{AC68BE2E-722E-4C8A-B016-1436E95C538F}.Debug|Any CPU.Build.0 = Debug|Any CPU
		{AC68BE2E-722E-4C8A-B016-1436E95C538F}.Release|Any CPU.ActiveCfg = Release|Any CPU
		{AC68BE2E-722E-4C8A-B016-1436E95C538F}.Release|Any CPU.Build.0 = Release|Any CPU
	EndGlobalSection
	GlobalSection(SolutionProperties) = preSolution
		HideSolutionNode = FALSE
	EndGlobalSection
	GlobalSection(ExtensibilityGlobals) = postSolution
		SolutionGuid = {E7FD026E-9939-460C-9094-8F6D0903F070}
	EndGlobalSection
EndGlobal
